Microsoft Visual Studio Solution File, Format Version 12.00
# Visual Studio Version 17
VisualStudioVersion = 17.5.2.0
MinimumVisualStudioVersion = 10.0.40219.1
Project("{FAE04EC0-301F-11D3-BF4B-00C04F79EFBC}") = "AluguelCarros", "AluguelCarros.csproj", "{A5E98BB6-CD1F-8E09-DEA1-331ED8133840}"
EndProject
Global
	GlobalSection(SolutionConfigurationPlatforms) = preSolution
		Debug|Any CPU = Debug|Any CPU
		Release|Any CPU = Release|Any CPU
	EndGlobalSection
	GlobalSection(ProjectConfigurationPlatforms) = postSolution
		{A5E98BB6-CD1F-8E09-DEA1-331ED8133840}.Debug|Any CPU.ActiveCfg = Debug|Any CPU
		{A5E98BB6-CD1F-8E09-DEA1-331ED8133840}.Debug|Any CPU.Build.0 = Debug|Any CPU
		{A5E98BB6-CD1F-8E09-DEA1-331ED8133840}.Release|Any CPU.ActiveCfg = Release|Any CPU
		{A5E98BB6-CD1F-8E09-DEA1-331ED8133840}.Release|Any CPU.Build.0 = Release|Any CPU
	EndGlobalSection
	GlobalSection(SolutionProperties) = preSolution
		HideSolutionNode = FALSE
	EndGlobalSection
	GlobalSection(ExtensibilityGlobals) = postSolution
		SolutionGuid = {75AA4334-6123-4D03-8FBC-85D0C8E9DFEA}
	EndGlobalSection
EndGlobal
